
Microsoft Visual Studio Solution File, Format Version 12.00
# Visual Studio Version 17
VisualStudioVersion = 17.6.33801.468
MinimumVisualStudioVersion = 10.0.40219.1
Project("{FAE04EC0-301F-11D3-BF4B-00C04F79EFBC}") = "Parsers", "Parsers.csproj", "{2B04B4C6-CFB2-422E-A5F9-14E1CE33E040}"
EndProject
Global
	GlobalSection(SolutionConfigurationPlatforms) = preSolution
		Debug|Any CPU = Debug|Any CPU
		Release|Any CPU = Release|Any CPU
	EndGlobalSection
	GlobalSection(ProjectConfigurationPlatforms) = postSolution
		{2B04B4C6-CFB2-422E-A5F9-14E1CE33E040}.Debug|Any CPU.ActiveCfg = Debug|Any CPU
		{2B04B4C6-CFB2-422E-A5F9-14E1CE33E040}.Debug|Any CPU.Build.0 = Debug|Any CPU
		{2B04B4C6-CFB2-422E-A5F9-14E1CE33E040}.Release|Any CPU.ActiveCfg = Release|Any CPU
		{2B04B4C6-CFB2-422E-A5F9-14E1CE33E040}.Release|Any CPU.Build.0 = Release|Any CPU
	EndGlobalSection
	GlobalSection(SolutionProperties) = preSolution
		HideSolutionNode = FALSE
	EndGlobalSection
	GlobalSection(ExtensibilityGlobals) = postSolution
		SolutionGuid = {7D787180-E489-420C-9AB6-03D0A6EC534F}
	EndGlobalSection
EndGlobal
